// !$*UTF8*$!
{
	archiveVersion = 1;
	classes = {
	};
	objectVersion = 46;
	objects = {

/* Begin PBXBuildFile section */
		3D4DBEE51B1B865E002C7BC1 /* main.m in Sources */ = {isa = PBXBuildFile; fileRef = 3D4DBEE41B1B865E002C7BC1 /* main.m */; };
		3D4DBEE81B1B865E002C7BC1 /* AppDelegate.m in Sources */ = {isa = PBXBuildFile; fileRef = 3D4DBEE71B1B865E002C7BC1 /* AppDelegate.m */; };
		3D4DBEEB1B1B865E002C7BC1 /* ViewController.m in Sources */ = {isa = PBXBuildFile; fileRef = 3D4DBEEA1B1B865E002C7BC1 /* ViewController.m */; };
		3D4DBEEE1B1B865E002C7BC1 /* Main.storyboard in Resources */ = {isa = PBXBuildFile; fileRef = 3D4DBEEC1B1B865E002C7BC1 /* Main.storyboard */; };
		3D4DBEF01B1B865E002C7BC1 /* Images.xcassets in Resources */ = {isa = PBXBuildFile; fileRef = 3D4DBEEF1B1B865E002C7BC1 /* Images.xcassets */; };
		3D4DBEF31B1B865E002C7BC1 /* LaunchScreen.xib in Resources */ = {isa = PBXBuildFile; fileRef = 3D4DBEF11B1B865E002C7BC1 /* LaunchScreen.xib */; };
		3D4DBEFF1B1B865E002C7BC1 /* Agar_iOSTests.m in Sources */ = {isa = PBXBuildFile; fileRef = 3D4DBEFE1B1B865E002C7BC1 /* Agar_iOSTests.m */; };
		3D4DBF091B1B8695002C7BC1 /* SpriteKit.framework in Frameworks */ = {isa = PBXBuildFile; fileRef = 3D4DBF081B1B8695002C7BC1 /* SpriteKit.framework */; };
		3D4DBF0C1B1B8778002C7BC1 /* GameScene.m in Sources */ = {isa = PBXBuildFile; fileRef = 3D4DBF0B1B1B8778002C7BC1 /* GameScene.m */; };
/* End PBXBuildFile section */

/* Begin PBXContainerItemProxy section */
		3D4DBEF91B1B865E002C7BC1 /* PBXContainerItemProxy */ = {
			isa = PBXContainerItemProxy;
			containerPortal = 3D4DBED71B1B865E002C7BC1 /* Project object */;
			proxyType = 1;
			remoteGlobalIDString = 3D4DBEDE1B1B865E002C7BC1;
			remoteInfo = "Agar iOS";
		};
/* End PBXContainerItemProxy section */

/* Begin PBXFileReference section */
		3D4DBEDF1B1B865E002C7BC1 /* Agar iOS.app */ = {isa = PBXFileReference; explicitFileType = wrapper.application; includeInIndex = 0; path = "Agar iOS.app"; sourceTree = BUILT_PRODUCTS_DIR; };
		3D4DBEE31B1B865E002C7BC1 /* Info.plist */ = {isa = PBXFileReference; lastKnownFileType = text.plist.xml; path = Info.plist; sourceTree = "<group>"; };
		3D4DBEE41B1B865E002C7BC1 /* main.m */ = {isa = PBXFileReference; lastKnownFileType = sourcecode.c.objc; path = main.m; sourceTree = "<group>"; };
		3D4DBEE61B1B865E002C7BC1 /* AppDelegate.h */ = {isa = PBXFileReference; lastKnownFileType = sourcecode.c.h; path = AppDelegate.h; sourceTree = "<group>"; };
		3D4DBEE71B1B865E002C7BC1 /* AppDelegate.m */ = {isa = PBXFileReference; lastKnownFileType = sourcecode.c.objc; path = AppDelegate.m; sourceTree = "<group>"; };
		3D4DBEE91B1B865E002C7BC1 /* ViewController.h */ = {isa = PBXFileReference; lastKnownFileType = sourcecode.c.h; path = ViewController.h; sourceTree = "<group>"; };
		3D4DBEEA1B1B865E002C7BC1 /* ViewController.m */ = {isa = PBXFileReference; lastKnownFileType = sourcecode.c.objc; path = ViewController.m; sourceTree = "<group>"; };
		3D4DBEED1B1B865E002C7BC1 /* Base */ = {isa = PBXFileReference; lastKnownFileType = file.storyboard; name = Base; path = Base.lproj/Main.storyboard; sourceTree = "<group>"; };
		3D4DBEEF1B1B865E002C7BC1 /* Images.xcassets */ = {isa = PBXFileReference; lastKnownFileType = folder.assetcatalog; path = Images.xcassets; sourceTree = "<group>"; };
		3D4DBEF21B1B865E002C7BC1 /* Base */ = {isa = PBXFileReference; lastKnownFileType = file.xib; name = Base; path = Base.lproj/LaunchScreen.xib; sourceTree = "<group>"; };
		3D4DBEF81B1B865E002C7BC1 /* Agar iOSTests.xctest */ = {isa = PBXFileReference; explicitFileType = wrapper.cfbundle; includeInIndex = 0; path = "Agar iOSTests.xctest"; sourceTree = BUILT_PRODUCTS_DIR; };
		3D4DBEFD1B1B865E002C7BC1 /* Info.plist */ = {isa = PBXFileReference; lastKnownFileType = text.plist.xml; path = Info.plist; sourceTree = "<group>"; };
		3D4DBEFE1B1B865E002C7BC1 /* Agar_iOSTests.m */ = {isa = PBXFileReference; lastKnownFileType = sourcecode.c.objc; path = Agar_iOSTests.m; sourceTree = "<group>"; };
		3D4DBF081B1B8695002C7BC1 /* SpriteKit.framework */ = {isa = PBXFileReference; lastKnownFileType = wrapper.framework; name = SpriteKit.framework; path = System/Library/Frameworks/SpriteKit.framework; sourceTree = SDKROOT; };
		3D4DBF0A1B1B8778002C7BC1 /* GameScene.h */ = {isa = PBXFileReference; fileEncoding = 4; lastKnownFileType = sourcecode.c.h; path = GameScene.h; sourceTree = "<group>"; };
		3D4DBF0B1B1B8778002C7BC1 /* GameScene.m */ = {isa = PBXFileReference; fileEncoding = 4; lastKnownFileType = sourcecode.c.objc; path = GameScene.m; sourceTree = "<group>"; };
/* End PBXFileReference section */

/* Begin PBXFrameworksBuildPhase section */
		3D4DBEDC1B1B865E002C7BC1 /* Frameworks */ = {
			isa = PBXFrameworksBuildPhase;
			buildActionMask = 2147483647;
			files = (
				3D4DBF091B1B8695002C7BC1 /* SpriteKit.framework in Frameworks */,
			);
			runOnlyForDeploymentPostprocessing = 0;
		};
		3D4DBEF51B1B865E002C7BC1 /* Frameworks */ = {
			isa = PBXFrameworksBuildPhase;
			buildActionMask = 2147483647;
			files = (
			);
			runOnlyForDeploymentPostprocessing = 0;
		};
/* End PBXFrameworksBuildPhase section */

/* Begin PBXGroup section */
		3D4DBED61B1B865E002C7BC1 = {
			isa = PBXGroup;
			children = (
				3D4DBF081B1B8695002C7BC1 /* SpriteKit.framework */,
				3D4DBEE11B1B865E002C7BC1 /* Agar iOS */,
				3D4DBEFB1B1B865E002C7BC1 /* Agar iOSTests */,
				3D4DBEE01B1B865E002C7BC1 /* Products */,
			);
			sourceTree = "<group>";
		};
		3D4DBEE01B1B865E002C7BC1 /* Products */ = {
			isa = PBXGroup;
			children = (
				3D4DBEDF1B1B865E002C7BC1 /* Agar iOS.app */,
				3D4DBEF81B1B865E002C7BC1 /* Agar iOSTests.xctest */,
			);
			name = Products;
			sourceTree = "<group>";
		};
		3D4DBEE11B1B865E002C7BC1 /* Agar iOS */ = {
			isa = PBXGroup;
			children = (
				3D4DBEE61B1B865E002C7BC1 /* AppDelegate.h */,
				3D4DBEE71B1B865E002C7BC1 /* AppDelegate.m */,
				3D4DBF0A1B1B8778002C7BC1 /* GameScene.h */,
				3D4DBF0B1B1B8778002C7BC1 /* GameScene.m */,
				3D4DBEE91B1B865E002C7BC1 /* ViewController.h */,
				3D4DBEEA1B1B865E002C7BC1 /* ViewController.m */,
				3D4DBEEC1B1B865E002C7BC1 /* Main.storyboard */,
				3D4DBEEF1B1B865E002C7BC1 /* Images.xcassets */,
				3D4DBEF11B1B865E002C7BC1 /* LaunchScreen.xib */,
				3D4DBEE21B1B865E002C7BC1 /* Supporting Files */,
			);
			path = "Agar iOS";
			sourceTree = "<group>";
		};
		3D4DBEE21B1B865E002C7BC1 /* Supporting Files */ = {
			isa = PBXGroup;
			children = (
				3D4DBEE31B1B865E002C7BC1 /* Info.plist */,
				3D4DBEE41B1B865E002C7BC1 /* main.m */,
			);
			name = "Supporting Files";
			sourceTree = "<group>";
		};
		3D4DBEFB1B1B865E002C7BC1 /* Agar iOSTests */ = {
			isa = PBXGroup;
			children = (
				3D4DBEFE1B1B865E002C7BC1 /* Agar_iOSTests.m */,
				3D4DBEFC1B1B865E002C7BC1 /* Supporting Files */,
			);
			path = "Agar iOSTests";
			sourceTree = "<group>";
		};
		3D4DBEFC1B1B865E002C7BC1 /* Supporting Files */ = {
			isa = PBXGroup;
			children = (
				3D4DBEFD1B1B865E002C7BC1 /* Info.plist */,
			);
			name = "Supporting Files";
			sourceTree = "<group>";
		};
/* End PBXGroup section */

/* Begin PBXNativeTarget section */
		3D4DBEDE1B1B865E002C7BC1 /* Agar iOS */ = {
			isa = PBXNativeTarget;
			buildConfigurationList = 3D4DBF021B1B865E002C7BC1 /* Build configuration list for PBXNativeTarget "Agar iOS" */;
			buildPhases = (
				3D4DBEDB1B1B865E002C7BC1 /* Sources */,
				3D4DBEDC1B1B865E002C7BC1 /* Frameworks */,
				3D4DBEDD1B1B865E002C7BC1 /* Resources */,
			);
			buildRules = (
			);
			dependencies = (
			);
			name = "Agar iOS";
			productName = "Agar iOS";
			productReference = 3D4DBEDF1B1B865E002C7BC1 /* Agar iOS.app */;
			productType = "com.apple.product-type.application";
		};
		3D4DBEF71B1B865E002C7BC1 /* Agar iOSTests */ = {
			isa = PBXNativeTarget;
			buildConfigurationList = 3D4DBF051B1B865E002C7BC1 /* Build configuration list for PBXNativeTarget "Agar iOSTests" */;
			buildPhases = (
				3D4DBEF41B1B865E002C7BC1 /* Sources */,
				3D4DBEF51B1B865E002C7BC1 /* Frameworks */,
				3D4DBEF61B1B865E002C7BC1 /* Resources */,
			);
			buildRules = (
			);
			dependencies = (
				3D4DBEFA1B1B865E002C7BC1 /* PBXTargetDependency */,
			);
			name = "Agar iOSTests";
			productName = "Agar iOSTests";
			productReference = 3D4DBEF81B1B865E002C7BC1 /* Agar iOSTests.xctest */;
			productType = "com.apple.product-type.bundle.unit-test";
		};
/* End PBXNativeTarget section */

/* Begin PBXProject section */
		3D4DBED71B1B865E002C7BC1 /* Project object */ = {
			isa = PBXProject;
			attributes = {
				LastUpgradeCheck = 0630;
				ORGANIZATIONNAME = "Dean Leitersdorf";
				TargetAttributes = {
					3D4DBEDE1B1B865E002C7BC1 = {
						CreatedOnToolsVersion = 6.3.1;
					};
					3D4DBEF71B1B865E002C7BC1 = {
						CreatedOnToolsVersion = 6.3.1;
						TestTargetID = 3D4DBEDE1B1B865E002C7BC1;
					};
				};
			};
			buildConfigurationList = 3D4DBEDA1B1B865E002C7BC1 /* Build configuration list for PBXProject "Agar iOS" */;
			compatibilityVersion = "Xcode 3.2";
			developmentRegion = English;
			hasScannedForEncodings = 0;
			knownRegions = (
				en,
				Base,
			);
			mainGroup = 3D4DBED61B1B865E002C7BC1;
			productRefGroup = 3D4DBEE01B1B865E002C7BC1 /* Products */;
			projectDirPath = "";
			projectRoot = "";
			targets = (
				3D4DBEDE1B1B865E002C7BC1 /* Agar iOS */,
				3D4DBEF71B1B865E002C7BC1 /* Agar iOSTests */,
			);
		};
/* End PBXProject section */

/* Begin PBXResourcesBuildPhase section */
		3D4DBEDD1B1B865E002C7BC1 /* Resources */ = {
			isa = PBXResourcesBuildPhase;
			buildActionMask = 2147483647;
			files = (
				3D4DBEEE1B1B865E002C7BC1 /* Main.storyboard in Resources */,
				3D4DBEF31B1B865E002C7BC1 /* LaunchScreen.xib in Resources */,
				3D4DBEF01B1B865E002C7BC1 /* Images.xcassets in Resources */,
			);
			runOnlyForDeploymentPostprocessing = 0;
		};
		3D4DBEF61B1B865E002C7BC1 /* Resources */ = {
			isa = PBXResourcesBuildPhase;
			buildActionMask = 2147483647;
			files = (
			);
			runOnlyForDeploymentPostprocessing = 0;
		};
/* End PBXResourcesBuildPhase section */

/* Begin PBXSourcesBuildPhase section */
		3D4DBEDB1B1B865E002C7BC1 /* Sources */ = {
			isa = PBXSourcesBuildPhase;
			buildActionMask = 2147483647;
			files = (
				3D4DBEEB1B1B865E002C7BC1 /* ViewController.m in Sources */,
				3D4DBEE81B1B865E002C7BC1 /* AppDelegate.m in Sources */,
				3D4DBF0C1B1B8778002C7BC1 /* GameScene.m in Sources */,
				3D4DBEE51B1B865E002C7BC1 /* main.m in Sources */,
			);
			runOnlyForDeploymentPostprocessing = 0;
		};
		3D4DBEF41B1B865E002C7BC1 /* Sources */ = {
			isa = PBXSourcesBuildPhase;
			buildActionMask = 2147483647;
			files = (
				3D4DBEFF1B1B865E002C7BC1 /* Agar_iOSTests.m in Sources */,
			);
			runOnlyForDeploymentPostprocessing = 0;
		};
/* End PBXSourcesBuildPhase section */

/* Begin PBXTargetDependency section */
		3D4DBEFA1B1B865E002C7BC1 /* PBXTargetDependency */ = {
			isa = PBXTargetDependency;
			target = 3D4DBEDE1B1B865E002C7BC1 /* Agar iOS */;
			targetProxy = 3D4DBEF91B1B865E002C7BC1 /* PBXContainerItemProxy */;
		};
/* End PBXTargetDependency section */

/* Begin PBXVariantGroup section */
		3D4DBEEC1B1B865E002C7BC1 /* Main.storyboard */ = {
			isa = PBXVariantGroup;
			children = (
				3D4DBEED1B1B865E002C7BC1 /* Base */,
			);
			name = Main.storyboard;
			sourceTree = "<group>";
		};
		3D4DBEF11B1B865E002C7BC1 /* LaunchScreen.xib */ = {
			isa = PBXVariantGroup;
			children = (
				3D4DBEF21B1B865E002C7BC1 /* Base */,
			);
			name = LaunchScreen.xib;
			sourceTree = "<group>";
		};
/* End PBXVariantGroup section */

/* Begin XCBuildConfiguration section */
		3D4DBF001B1B865E002C7BC1 /* Debug */ = {
			isa = XCBuildConfiguration;
			buildSettings = {
				ALWAYS_SEARCH_USER_PATHS = NO;
				CLANG_CXX_LANGUAGE_STANDARD = "gnu++0x";
				CLANG_CXX_LIBRARY = "libc++";
				CLANG_ENABLE_MODULES = YES;
				CLANG_ENABLE_OBJC_ARC = YES;
				CLANG_WARN_BOOL_CONVERSION = YES;
				CLANG_WARN_CONSTANT_CONVERSION = YES;
				CLANG_WARN_DIRECT_OBJC_ISA_USAGE = YES_ERROR;
				CLANG_WARN_EMPTY_BODY = YES;
				CLANG_WARN_ENUM_CONVERSION = YES;
				CLANG_WARN_INT_CONVERSION = YES;
				CLANG_WARN_OBJC_ROOT_CLASS = YES_ERROR;
				CLANG_WARN_UNREACHABLE_CODE = YES;
				CLANG_WARN__DUPLICATE_METHOD_MATCH = YES;
				"CODE_SIGN_IDENTITY[sdk=iphoneos*]" = "iPhone Developer";
				COPY_PHASE_STRIP = NO;
				DEBUG_INFORMATION_FORMAT = "dwarf-with-dsym";
				ENABLE_STRICT_OBJC_MSGSEND = YES;
				GCC_C_LANGUAGE_STANDARD = gnu99;
				GCC_DYNAMIC_NO_PIC = NO;
				GCC_NO_COMMON_BLOCKS = YES;
				GCC_OPTIMIZATION_LEVEL = 0;
				GCC_PREPROCESSOR_DEFINITIONS = (
					"DEBUG=1",
					"$(inherited)",
				);
				GCC_SYMBOLS_PRIVATE_EXTERN = NO;
				GCC_WARN_64_TO_32_BIT_CONVERSION = YES;
				GCC_WARN_ABOUT_RETURN_TYPE = YES_ERROR;
				GCC_WARN_UNDECLARED_SELECTOR = YES;
				GCC_WARN_UNINITIALIZED_AUTOS = YES_AGGRESSIVE;
				GCC_WARN_UNUSED_FUNCTION = YES;
				GCC_WARN_UNUSED_VARIABLE = YES;
				IPHONEOS_DEPLOYMENT_TARGET = 8.3;
				MTL_ENABLE_DEBUG_INFO = YES;
				ONLY_ACTIVE_ARCH = YES;
				SDKROOT = iphoneos;
				TARGETED_DEVICE_FAMILY = 2;
			};
			name = Debug;
		};
		3D4DBF011B1B865E002C7BC1 /* Release */ = {
			isa = XCBuildConfiguration;
			buildSettings = {
				ALWAYS_SEARCH_USER_PATHS = NO;
				CLANG_CXX_LANGUAGE_STANDARD = "gnu++0x";
				CLANG_CXX_LIBRARY = "libc++";
				CLANG_ENABLE_MODULES = YES;
				CLANG_ENABLE_OBJC_ARC = YES;
				CLANG_WARN_BOOL_CONVERSION = YES;
				CLANG_WARN_CONSTANT_CONVERSION = YES;
				CLANG_WARN_DIRECT_OBJC_ISA_USAGE = YES_ERROR;
				CLANG_WARN_EMPTY_BODY = YES;
				CLANG_WARN_ENUM_CONVERSION = YES;
				CLANG_WARN_INT_CONVERSION = YES;
				CLANG_WARN_OBJC_ROOT_CLASS = YES_ERROR;
				CLANG_WARN_UNREACHABLE_CODE = YES;
				CLANG_WARN__DUPLICATE_METHOD_MATCH = YES;
				"CODE_SIGN_IDENTITY[sdk=iphoneos*]" = "iPhone Developer";
				COPY_PHASE_STRIP = NO;
				DEBUG_INFORMATION_FORMAT = "dwarf-with-dsym";
				ENABLE_NS_ASSERTIONS = NO;
				ENABLE_STRICT_OBJC_MSGSEND = YES;
				GCC_C_LANGUAGE_STANDARD = gnu99;
				GCC_NO_COMMON_BLOCKS = YES;
				GCC_WARN_64_TO_32_BIT_CONVERSION = YES;
				GCC_WARN_ABOUT_RETURN_TYPE = YES_ERROR;
				GCC_WARN_UNDECLARED_SELECTOR = YES;
				GCC_WARN_UNINITIALIZED_AUTOS = YES_AGGRESSIVE;
				GCC_WARN_UNUSED_FUNCTION = YES;
				GCC_WARN_UNUSED_VARIABLE = YES;
				IPHONEOS_DEPLOYMENT_TARGET = 8.3;
				MTL_ENABLE_DEBUG_INFO = NO;
				SDKROOT = iphoneos;
				TARGETED_DEVICE_FAMILY = 2;
				VALIDATE_PRODUCT = YES;
			};
			name = Release;
		};
		3D4DBF031B1B865E002C7BC1 /* Debug */ = {
			isa = XCBuildConfiguration;
			buildSettings = {
				ASSETCATALOG_COMPILER_APPICON_NAME = AppIcon;
				INFOPLIST_FILE = "Agar iOS/Info.plist";
				LD_RUNPATH_SEARCH_PATHS = "$(inherited) @executable_path/Frameworks";
				PRODUCT_NAME = "$(TARGET_NAME)";
				TARGETED_DEVICE_FAMILY = "1,2";
			};
			name = Debug;
		};
		3D4DBF041B1B865E002C7BC1 /* Release */ = {
			isa = XCBuildConfiguration;
			buildSettings = {
				ASSETCATALOG_COMPILER_APPICON_NAME = AppIcon;
				INFOPLIST_FILE = "Agar iOS/Info.plist";
				LD_RUNPATH_SEARCH_PATHS = "$(inherited) @executable_path/Frameworks";
				PRODUCT_NAME = "$(TARGET_NAME)";
				TARGETED_DEVICE_FAMILY = "1,2";
			};
			name = Release;
		};
		3D4DBF061B1B865E002C7BC1 /* Debug */ = {
			isa = XCBuildConfiguration;
			buildSettings = {
				BUNDLE_LOADER = "$(TEST_HOST)";
				FRAMEWORK_SEARCH_PATHS = (
					"$(SDKROOT)/Developer/Library/Frameworks",
					"$(inherited)",
				);
				GCC_PREPROCESSOR_DEFINITIONS = (
					"DEBUG=1",
					"$(inherited)",
				);
				INFOPLIST_FILE = "Agar iOSTests/Info.plist";
				LD_RUNPATH_SEARCH_PATHS = "$(inherited) @executable_path/Frameworks @loader_path/Frameworks";
				PRODUCT_NAME = "$(TARGET_NAME)";
				TEST_HOST = "$(BUILT_PRODUCTS_DIR)/Agar iOS.app/Agar iOS";
			};
			name = Debug;
		};
		3D4DBF071B1B865E002C7BC1 /* Release */ = {
			isa = XCBuildConfiguration;
			buildSettings = {
				BUNDLE_LOADER = "$(TEST_HOST)";
				FRAMEWORK_SEARCH_PATHS = (
					"$(SDKROOT)/Developer/Library/Frameworks",
					"$(inherited)",
				);
				INFOPLIST_FILE = "Agar iOSTests/Info.plist";
				LD_RUNPATH_SEARCH_PATHS = "$(inherited) @executable_path/Frameworks @loader_path/Frameworks";
				PRODUCT_NAME = "$(TARGET_NAME)";
				TEST_HOST = "$(BUILT_PRODUCTS_DIR)/Agar iOS.app/Agar iOS";
			};
			name = Release;
		};
/* End XCBuildConfiguration section */

/* Begin XCConfigurationList section */
		3D4DBEDA1B1B865E002C7BC1 /* Build configuration list for PBXProject "Agar iOS" */ = {
			isa = XCConfigurationList;
			buildConfigurations = (
				3D4DBF001B1B865E002C7BC1 /* Debug */,
				3D4DBF011B1B865E002C7BC1 /* Release */,
			);
			defaultConfigurationIsVisible = 0;
			defaultConfigurationName = Release;
		};
		3D4DBF021B1B865E002C7BC1 /* Build configuration list for PBXNativeTarget "Agar iOS" */ = {
			isa = XCConfigurationList;
			buildConfigurations = (
				3D4DBF031B1B865E002C7BC1 /* Debug */,
				3D4DBF041B1B865E002C7BC1 /* Release */,
			);
			defaultConfigurationIsVisible = 0;
		};
		3D4DBF051B1B865E002C7BC1 /* Build configuration list for PBXNativeTarget "Agar iOSTests" */ = {
			isa = XCConfigurationList;
			buildConfigurations = (
				3D4DBF061B1B865E002C7BC1 /* Debug */,
				3D4DBF071B1B865E002C7BC1 /* Release */,
			);
			defaultConfigurationIsVisible = 0;
		};
/* End XCConfigurationList section */
	};
	rootObject = 3D4DBED71B1B865E002C7BC1 /* Project object */;
}
